
Microsoft Visual Studio Solution File, Format Version 12.00
# Visual Studio Version 17
VisualStudioVersion = 17.10.35122.118
MinimumVisualStudioVersion = 10.0.40219.1
Project("{FAE04EC0-301F-11D3-BF4B-00C04F79EFBC}") = "SAS", "SAS.csproj", "{4A040845-448D-4055-AE9C-0AA392D633EA}"
EndProject
Global
	GlobalSection(SolutionConfigurationPlatforms) = preSolution
		Debug|Any CPU = Debug|Any CPU
		Release|Any CPU = Release|Any CPU
	EndGlobalSection
	GlobalSection(ProjectConfigurationPlatforms) = postSolution
		{4A040845-448D-4055-AE9C-0AA392D633EA}.Debug|Any CPU.ActiveCfg = Debug|Any CPU
		{4A040845-448D-4055-AE9C-0AA392D633EA}.Debug|Any CPU.Build.0 = Debug|Any CPU
		{4A040845-448D-4055-AE9C-0AA392D633EA}.Release|Any CPU.ActiveCfg = Release|Any CPU
		{4A040845-448D-4055-AE9C-0AA392D633EA}.Release|Any CPU.Build.0 = Release|Any CPU
	EndGlobalSection
	GlobalSection(SolutionProperties) = preSolution
		HideSolutionNode = FALSE
	EndGlobalSection
	GlobalSection(ExtensibilityGlobals) = postSolution
		SolutionGuid = {0A8AAD15-5F30-4494-9CBA-1971066A3884}
	EndGlobalSection
EndGlobal
